Microsoft Visual Studio Solution File, Format Version 12.00
# Visual Studio Version 16
VisualStudioVersion = 16.0.29519.87
MinimumVisualStudioVersion = 10.0.40219.1
Project("{9A19103F-16F7-4668-BE54-9A1E7A4F7556}") = "ImageHost", "ImageHost.csproj", "{A53AC6A8-8E4E-430C-AA70-AAE835D447AB}"
EndProject
Global
	GlobalSection(SolutionConfigurationPlatforms) = preSolution
		Debug|Any CPU = Debug|Any CPU
		Release|Any CPU = Release|Any CPU
	EndGlobalSection
	GlobalSection(ProjectConfigurationPlatforms) = postSolution
		{A53AC6A8-8E4E-430C-AA70-AAE835D447AB}.Debug|Any CPU.ActiveCfg = Debug|Any CPU
		{A53AC6A8-8E4E-430C-AA70-AAE835D447AB}.Debug|Any CPU.Build.0 = Debug|Any CPU
		{A53AC6A8-8E4E-430C-AA70-AAE835D447AB}.Release|Any CPU.ActiveCfg = Release|Any CPU
		{A53AC6A8-8E4E-430C-AA70-AAE835D447AB}.Release|Any CPU.Build.0 = Release|Any CPU
	EndGlobalSection
	GlobalSection(SolutionProperties) = preSolution
		HideSolutionNode = FALSE
	EndGlobalSection
	GlobalSection(ExtensibilityGlobals) = postSolution
		SolutionGuid = {D6B46020-E046-4601-9F0B-221CA430D944}
	EndGlobalSection
EndGlobal
